{
  "name": "How-to-create-a-navigation-bar-on-scroll",
  "lockfileVersion": 3,
  "requires": true,
  "packages": {
    "": {
      "dependencies": {
        "@fontsource/geist-sans": "^5.2.5"
      }
    },
    "node_modules/@fontsource/geist-sans": {
      "version": "5.2.5",
      "resolved": "https://registry.npmjs.org/@fontsource/geist-sans/-/geist-sans-5.2.5.tgz",
      "integrity": "sha512-anllOHyJbElRs9fV15TeDRqAeb1IKm4bSknPl6ZMoyPTx1BBy7logudcUwpNjmQLkzn4Q0JGQLRCUKJYoyST6A==",
      "license": "OFL-1.1",
      "funding": {
        "url": "https://github.com/sponsors/ayuhito"
      }
    }
  }
}
